
Microsoft Visual Studio Solution File, Format Version 12.00
# Visual Studio 15
VisualStudioVersion = 15.0.28307.1145
MinimumVisualStudioVersion = 10.0.40219.1
Project("{8BC9CEB8-8B4A-11D0-8D11-00A0C91BC942}") = "STL初识", "STL初识\STL初识.vcxproj", "{062420E8-9FE3-4F82-A658-7BADFA7B35F5}"
EndProject
Project("{8BC9CEB8-8B4A-11D0-8D11-00A0C91BC942}") = "基于STL的演讲比赛流程管理系统", "基于STL的演讲比赛流程管理系统\基于STL的演讲比赛流程管理系统.vcxproj", "{9B0CFE4A-586E-4303-8DD5-037BDB831E42}"
EndProject
Project("{8BC9CEB8-8B4A-11D0-8D11-00A0C91BC942}") = "职工管理系统", "职工管理系统\职工管理系统.vcxproj", "{0F508EFB-EBBF-44F1-8DF9-BCDAC8C7D9BC}"
EndProject
Project("{8BC9CEB8-8B4A-11D0-8D11-00A0C91BC942}") = "机房预约系统", "机房预约系统\机房预约系统.vcxproj", "{D875EC17-1441-440F-A9F2-D6C68D767A5E}"
EndProject
Project("{8BC9CEB8-8B4A-11D0-8D11-00A0C91BC942}") = "PK游戏案列", "PK游戏案列\PK游戏案列.vcxproj", "{F873494D-1381-47F4-B034-A0B9D07977A8}"
EndProject
Global
	GlobalSection(SolutionConfigurationPlatforms) = preSolution
		Debug|x64 = Debug|x64
		Debug|x86 = Debug|x86
		Release|x64 = Release|x64
		Release|x86 = Release|x86
	EndGlobalSection
	GlobalSection(ProjectConfigurationPlatforms) = postSolution
		{062420E8-9FE3-4F82-A658-7BADFA7B35F5}.Debug|x64.ActiveCfg = Debug|x64
		{062420E8-9FE3-4F82-A658-7BADFA7B35F5}.Debug|x64.Build.0 = Debug|x64
		{062420E8-9FE3-4F82-A658-7BADFA7B35F5}.Debug|x86.ActiveCfg = Debug|Win32
		{062420E8-9FE3-4F82-A658-7BADFA7B35F5}.Debug|x86.Build.0 = Debug|Win32
		{062420E8-9FE3-4F82-A658-7BADFA7B35F5}.Release|x64.ActiveCfg = Release|x64
		{062420E8-9FE3-4F82-A658-7BADFA7B35F5}.Release|x64.Build.0 = Release|x64
		{062420E8-9FE3-4F82-A658-7BADFA7B35F5}.Release|x86.ActiveCfg = Release|Win32
		{062420E8-9FE3-4F82-A658-7BADFA7B35F5}.Release|x86.Build.0 = Release|Win32
		{9B0CFE4A-586E-4303-8DD5-037BDB831E42}.Debug|x64.ActiveCfg = Debug|x64
		{9B0CFE4A-586E-4303-8DD5-037BDB831E42}.Debug|x64.Build.0 = Debug|x64
		{9B0CFE4A-586E-4303-8DD5-037BDB831E42}.Debug|x86.ActiveCfg = Debug|Win32
		{9B0CFE4A-586E-4303-8DD5-037BDB831E42}.Debug|x86.Build.0 = Debug|Win32
		{9B0CFE4A-586E-4303-8DD5-037BDB831E42}.Release|x64.ActiveCfg = Release|x64
		{9B0CFE4A-586E-4303-8DD5-037BDB831E42}.Release|x64.Build.0 = Release|x64
		{9B0CFE4A-586E-4303-8DD5-037BDB831E42}.Release|x86.ActiveCfg = Release|Win32
		{9B0CFE4A-586E-4303-8DD5-037BDB831E42}.Release|x86.Build.0 = Release|Win32
		{0F508EFB-EBBF-44F1-8DF9-BCDAC8C7D9BC}.Debug|x64.ActiveCfg = Debug|x64
		{0F508EFB-EBBF-44F1-8DF9-BCDAC8C7D9BC}.Debug|x64.Build.0 = Debug|x64
		{0F508EFB-EBBF-44F1-8DF9-BCDAC8C7D9BC}.Debug|x86.ActiveCfg = Debug|Win32
		{0F508EFB-EBBF-44F1-8DF9-BCDAC8C7D9BC}.Debug|x86.Build.0 = Debug|Win32
		{0F508EFB-EBBF-44F1-8DF9-BCDAC8C7D9BC}.Release|x64.ActiveCfg = Release|x64
		{0F508EFB-EBBF-44F1-8DF9-BCDAC8C7D9BC}.Release|x64.Build.0 = Release|x64
		{0F508EFB-EBBF-44F1-8DF9-BCDAC8C7D9BC}.Release|x86.ActiveCfg = Release|Win32
		{0F508EFB-EBBF-44F1-8DF9-BCDAC8C7D9BC}.Release|x86.Build.0 = Release|Win32
		{D875EC17-1441-440F-A9F2-D6C68D767A5E}.Debug|x64.ActiveCfg = Debug|x64
		{D875EC17-1441-440F-A9F2-D6C68D767A5E}.Debug|x64.Build.0 = Debug|x64
		{D875EC17-1441-440F-A9F2-D6C68D767A5E}.Debug|x86.ActiveCfg = Debug|Win32
		{D875EC17-1441-440F-A9F2-D6C68D767A5E}.Debug|x86.Build.0 = Debug|Win32
		{D875EC17-1441-440F-A9F2-D6C68D767A5E}.Release|x64.ActiveCfg = Release|x64
		{D875EC17-1441-440F-A9F2-D6C68D767A5E}.Release|x64.Build.0 = Release|x64
		{D875EC17-1441-440F-A9F2-D6C68D767A5E}.Release|x86.ActiveCfg = Release|Win32
		{D875EC17-1441-440F-A9F2-D6C68D767A5E}.Release|x86.Build.0 = Release|Win32
		{F873494D-1381-47F4-B034-A0B9D07977A8}.Debug|x64.ActiveCfg = Debug|x64
		{F873494D-1381-47F4-B034-A0B9D07977A8}.Debug|x64.Build.0 = Debug|x64
		{F873494D-1381-47F4-B034-A0B9D07977A8}.Debug|x86.ActiveCfg = Debug|Win32
		{F873494D-1381-47F4-B034-A0B9D07977A8}.Debug|x86.Build.0 = Debug|Win32
		{F873494D-1381-47F4-B034-A0B9D07977A8}.Release|x64.ActiveCfg = Release|x64
		{F873494D-1381-47F4-B034-A0B9D07977A8}.Release|x64.Build.0 = Release|x64
		{F873494D-1381-47F4-B034-A0B9D07977A8}.Release|x86.ActiveCfg = Release|Win32
		{F873494D-1381-47F4-B034-A0B9D07977A8}.Release|x86.Build.0 = Release|Win32
	EndGlobalSection
	GlobalSection(SolutionProperties) = preSolution
		HideSolutionNode = FALSE
	EndGlobalSection
	GlobalSection(ExtensibilityGlobals) = postSolution
		SolutionGuid = {18196EAC-8A35-449D-B8C5-8D639F6D1A01}
	EndGlobalSection
EndGlobal
